
Microsoft Visual Studio Solution File, Format Version 12.00
# Visual Studio Version 16
VisualStudioVersion = 16.0.29728.190
MinimumVisualStudioVersion = 10.0.40219.1
Project("{FAE04EC0-301F-11D3-BF4B-00C04F79EFBC}") = "WpfDockManagerDemo", "WpfDockManagerDemo\WpfDockManagerDemo.csproj", "{9843B6E4-5B93-46FA-96B8-05E423118E9F}"
EndProject
Project("{FAE04EC0-301F-11D3-BF4B-00C04F79EFBC}") = "ExampleDockManagerViews", "ExampleDockManagerViews\ExampleDockManagerViews.csproj", "{F83C1BA1-ABCC-40BE-A01F-B3055CEEC229}"
EndProject
Project("{FAE04EC0-301F-11D3-BF4B-00C04F79EFBC}") = "WpfDockManagerDemo_2", "WpfDockManagerDemo_2\WpfDockManagerDemo_2.csproj", "{EC695FC3-A093-4F99-A13C-8885E529C5B7}"
EndProject
Project("{FAE04EC0-301F-11D3-BF4B-00C04F79EFBC}") = "OpenControls.Wpf.DockManager.Themes.Modern", "OpenControls.Wpf.DockManager.Themes.Modern\OpenControls.Wpf.DockManager.Themes.Modern.csproj", "{E2FCBC58-6CA9-4EA6-852E-EBB43E596F19}"
EndProject
Project("{FAE04EC0-301F-11D3-BF4B-00C04F79EFBC}") = "OpenControls.Wpf.DockManager.Themes.VS2019", "OpenControls.Wpf.DockManager.Themes.VS2019\OpenControls.Wpf.DockManager.Themes.VS2019.csproj", "{968C6AFE-1E13-4F9D-B8FC-28B2A2168C9D}"
EndProject
Project("{FAE04EC0-301F-11D3-BF4B-00C04F79EFBC}") = "OpenControls.Wpf.DockManager", "OpenControls.Wpf.DockManager\OpenControls.Wpf.DockManager.csproj", "{C4D43E50-84B0-47FF-888E-7C8351368BD6}"
EndProject
Global
	GlobalSection(SolutionConfigurationPlatforms) = preSolution
		Debug|Any CPU = Debug|Any CPU
		Release|Any CPU = Release|Any CPU
	EndGlobalSection
	GlobalSection(ProjectConfigurationPlatforms) = postSolution
		{9843B6E4-5B93-46FA-96B8-05E423118E9F}.Debug|Any CPU.ActiveCfg = Debug|Any CPU
		{9843B6E4-5B93-46FA-96B8-05E423118E9F}.Debug|Any CPU.Build.0 = Debug|Any CPU
		{9843B6E4-5B93-46FA-96B8-05E423118E9F}.Release|Any CPU.ActiveCfg = Release|Any CPU
		{9843B6E4-5B93-46FA-96B8-05E423118E9F}.Release|Any CPU.Build.0 = Release|Any CPU
		{F83C1BA1-ABCC-40BE-A01F-B3055CEEC229}.Debug|Any CPU.ActiveCfg = Debug|Any CPU
		{F83C1BA1-ABCC-40BE-A01F-B3055CEEC229}.Debug|Any CPU.Build.0 = Debug|Any CPU
		{F83C1BA1-ABCC-40BE-A01F-B3055CEEC229}.Release|Any CPU.ActiveCfg = Release|Any CPU
		{F83C1BA1-ABCC-40BE-A01F-B3055CEEC229}.Release|Any CPU.Build.0 = Release|Any CPU
		{EC695FC3-A093-4F99-A13C-8885E529C5B7}.Debug|Any CPU.ActiveCfg = Debug|Any CPU
		{EC695FC3-A093-4F99-A13C-8885E529C5B7}.Debug|Any CPU.Build.0 = Debug|Any CPU
		{EC695FC3-A093-4F99-A13C-8885E529C5B7}.Release|Any CPU.ActiveCfg = Release|Any CPU
		{EC695FC3-A093-4F99-A13C-8885E529C5B7}.Release|Any CPU.Build.0 = Release|Any CPU
		{E2FCBC58-6CA9-4EA6-852E-EBB43E596F19}.Debug|Any CPU.ActiveCfg = Debug|Any CPU
		{E2FCBC58-6CA9-4EA6-852E-EBB43E596F19}.Debug|Any CPU.Build.0 = Debug|Any CPU
		{E2FCBC58-6CA9-4EA6-852E-EBB43E596F19}.Release|Any CPU.ActiveCfg = Release|Any CPU
		{E2FCBC58-6CA9-4EA6-852E-EBB43E596F19}.Release|Any CPU.Build.0 = Release|Any CPU
		{968C6AFE-1E13-4F9D-B8FC-28B2A2168C9D}.Debug|Any CPU.ActiveCfg = Debug|Any CPU
		{968C6AFE-1E13-4F9D-B8FC-28B2A2168C9D}.Debug|Any CPU.Build.0 = Debug|Any CPU
		{968C6AFE-1E13-4F9D-B8FC-28B2A2168C9D}.Release|Any CPU.ActiveCfg = Release|Any CPU
		{968C6AFE-1E13-4F9D-B8FC-28B2A2168C9D}.Release|Any CPU.Build.0 = Release|Any CPU
		{C4D43E50-84B0-47FF-888E-7C8351368BD6}.Debug|Any CPU.ActiveCfg = Debug|Any CPU
		{C4D43E50-84B0-47FF-888E-7C8351368BD6}.Debug|Any CPU.Build.0 = Debug|Any CPU
		{C4D43E50-84B0-47FF-888E-7C8351368BD6}.Release|Any CPU.ActiveCfg = Release|Any CPU
		{C4D43E50-84B0-47FF-888E-7C8351368BD6}.Release|Any CPU.Build.0 = Release|Any CPU
	EndGlobalSection
	GlobalSection(SolutionProperties) = preSolution
		HideSolutionNode = FALSE
	EndGlobalSection
	GlobalSection(ExtensibilityGlobals) = postSolution
		SolutionGuid = {D5C58807-4EE1-41A7-8E24-F4899AF32A1F}
	EndGlobalSection
EndGlobal
